// !$*UTF8*$!
{
	archiveVersion = 1;
	classes = {
	};
	objectVersion = 46;
	objects = {

/* Begin PBXBuildFile section */
		A417FAE51D86F7BA00DA64E2 /* AppDelegate.swift in Sources */ = {isa = PBXBuildFile; fileRef = A417FAE41D86F7BA00DA64E2 /* AppDelegate.swift */; };
		A417FAE71D86F7BA00DA64E2 /* ViewController.swift in Sources */ = {isa = PBXBuildFile; fileRef = A417FAE61D86F7BA00DA64E2 /* ViewController.swift */; };
		A417FAEA1D86F7BA00DA64E2 /* Main.storyboard in Resources */ = {isa = PBXBuildFile; fileRef = A417FAE81D86F7BA00DA64E2 /* Main.storyboard */; };
		A417FAED1D86F7BA00DA64E2 /* Mellon_Mindfulness_Companion.xcdatamodeld in Sources */ = {isa = PBXBuildFile; fileRef = A417FAEB1D86F7BA00DA64E2 /* Mellon_Mindfulness_Companion.xcdatamodeld */; };
		A417FAEF1D86F7BA00DA64E2 /* Assets.xcassets in Resources */ = {isa = PBXBuildFile; fileRef = A417FAEE1D86F7BA00DA64E2 /* Assets.xcassets */; };
		A417FAF21D86F7BA00DA64E2 /* LaunchScreen.storyboard in Resources */ = {isa = PBXBuildFile; fileRef = A417FAF01D86F7BA00DA64E2 /* LaunchScreen.storyboard */; };
		A417FAFA1D86F96900DA64E2 /* Secrets.swift in Sources */ = {isa = PBXBuildFile; fileRef = A417FAF91D86F96900DA64E2 /* Secrets.swift */; };
/* End PBXBuildFile section */

/* Begin PBXFileReference section */
		A417FAE11D86F7BA00DA64E2 /* Mellon-Mindfulness-Companion.app */ = {isa = PBXFileReference; explicitFileType = wrapper.application; includeInIndex = 0; path = "Mellon-Mindfulness-Companion.app"; sourceTree = BUILT_PRODUCTS_DIR; };
		A417FAE41D86F7BA00DA64E2 /* AppDelegate.swift */ = {isa = PBXFileReference; lastKnownFileType = sourcecode.swift; path = AppDelegate.swift; sourceTree = "<group>"; };
		A417FAE61D86F7BA00DA64E2 /* ViewController.swift */ = {isa = PBXFileReference; lastKnownFileType = sourcecode.swift; path = ViewController.swift; sourceTree = "<group>"; };
		A417FAE91D86F7BA00DA64E2 /* Base */ = {isa = PBXFileReference; lastKnownFileType = file.storyboard; name = Base; path = Base.lproj/Main.storyboard; sourceTree = "<group>"; };
		A417FAEC1D86F7BA00DA64E2 /* Mellon_Mindfulness_Companion.xcdatamodel */ = {isa = PBXFileReference; lastKnownFileType = wrapper.xcdatamodel; path = Mellon_Mindfulness_Companion.xcdatamodel; sourceTree = "<group>"; };
		A417FAEE1D86F7BA00DA64E2 /* Assets.xcassets */ = {isa = PBXFileReference; lastKnownFileType = folder.assetcatalog; path = Assets.xcassets; sourceTree = "<group>"; };
		A417FAF11D86F7BA00DA64E2 /* Base */ = {isa = PBXFileReference; lastKnownFileType = file.storyboard; name = Base; path = Base.lproj/LaunchScreen.storyboard; sourceTree = "<group>"; };
		A417FAF31D86F7BA00DA64E2 /* Info.plist */ = {isa = PBXFileReference; lastKnownFileType = text.plist.xml; path = Info.plist; sourceTree = "<group>"; };
		A417FAF91D86F96900DA64E2 /* Secrets.swift */ = {isa = PBXFileReference; fileEncoding = 4; lastKnownFileType = sourcecode.swift; path = Secrets.swift; sourceTree = "<group>"; };
/* End PBXFileReference section */

/* Begin PBXFrameworksBuildPhase section */
		A417FADE1D86F7B900DA64E2 /* Frameworks */ = {
			isa = PBXFrameworksBuildPhase;
			buildActionMask = 2147483647;
			files = (
			);
			runOnlyForDeploymentPostprocessing = 0;
		};
/* End PBXFrameworksBuildPhase section */

/* Begin PBXGroup section */
		A417FAD81D86F7B900DA64E2 = {
			isa = PBXGroup;
			children = (
				A417FAE31D86F7BA00DA64E2 /* Mellon-Mindfulness-Companion */,
				A417FAE21D86F7BA00DA64E2 /* Products */,
			);
			sourceTree = "<group>";
		};
		A417FAE21D86F7BA00DA64E2 /* Products */ = {
			isa = PBXGroup;
			children = (
				A417FAE11D86F7BA00DA64E2 /* Mellon-Mindfulness-Companion.app */,
			);
			name = Products;
			sourceTree = "<group>";
		};
		A417FAE31D86F7BA00DA64E2 /* Mellon-Mindfulness-Companion */ = {
			isa = PBXGroup;
			children = (
				A417FAE41D86F7BA00DA64E2 /* AppDelegate.swift */,
				A417FAF91D86F96900DA64E2 /* Secrets.swift */,
				A417FAE61D86F7BA00DA64E2 /* ViewController.swift */,
				A417FAE81D86F7BA00DA64E2 /* Main.storyboard */,
				A417FAEE1D86F7BA00DA64E2 /* Assets.xcassets */,
				A417FAF01D86F7BA00DA64E2 /* LaunchScreen.storyboard */,
				A417FAF31D86F7BA00DA64E2 /* Info.plist */,
				A417FAEB1D86F7BA00DA64E2 /* Mellon_Mindfulness_Companion.xcdatamodeld */,
			);
			path = "Mellon-Mindfulness-Companion";
			sourceTree = "<group>";
		};
/* End PBXGroup section */

/* Begin PBXNativeTarget section */
		A417FAE01D86F7B900DA64E2 /* Mellon-Mindfulness-Companion */ = {
			isa = PBXNativeTarget;
			buildConfigurationList = A417FAF61D86F7BA00DA64E2 /* Build configuration list for PBXNativeTarget "Mellon-Mindfulness-Companion" */;
			buildPhases = (
				A417FADD1D86F7B900DA64E2 /* Sources */,
				A417FADE1D86F7B900DA64E2 /* Frameworks */,
				A417FADF1D86F7B900DA64E2 /* Resources */,
			);
			buildRules = (
			);
			dependencies = (
			);
			name = "Mellon-Mindfulness-Companion";
			productName = "Mellon-Mindfulness-Companion";
			productReference = A417FAE11D86F7BA00DA64E2 /* Mellon-Mindfulness-Companion.app */;
			productType = "com.apple.product-type.application";
		};
/* End PBXNativeTarget section */

/* Begin PBXProject section */
		A417FAD91D86F7B900DA64E2 /* Project object */ = {
			isa = PBXProject;
			attributes = {
				LastSwiftUpdateCheck = 0800;
				LastUpgradeCheck = 0800;
				ORGANIZATIONNAME = "Betty Fung";
				TargetAttributes = {
					A417FAE01D86F7B900DA64E2 = {
						CreatedOnToolsVersion = 8.0;
						DevelopmentTeam = 4E8JHBC5T7;
						ProvisioningStyle = Automatic;
					};
				};
			};
			buildConfigurationList = A417FADC1D86F7B900DA64E2 /* Build configuration list for PBXProject "Mellon-Mindfulness-Companion" */;
			compatibilityVersion = "Xcode 3.2";
			developmentRegion = English;
			hasScannedForEncodings = 0;
			knownRegions = (
				en,
				Base,
			);
			mainGroup = A417FAD81D86F7B900DA64E2;
			productRefGroup = A417FAE21D86F7BA00DA64E2 /* Products */;
			projectDirPath = "";
			projectRoot = "";
			targets = (
				A417FAE01D86F7B900DA64E2 /* Mellon-Mindfulness-Companion */,
			);
		};
/* End PBXProject section */

/* Begin PBXResourcesBuildPhase section */
		A417FADF1D86F7B900DA64E2 /* Resources */ = {
			isa = PBXResourcesBuildPhase;
			buildActionMask = 2147483647;
			files = (
				A417FAF21D86F7BA00DA64E2 /* LaunchScreen.storyboard in Resources */,
				A417FAEF1D86F7BA00DA64E2 /* Assets.xcassets in Resources */,
				A417FAEA1D86F7BA00DA64E2 /* Main.storyboard in Resources */,
			);
			runOnlyForDeploymentPostprocessing = 0;
		};
/* End PBXResourcesBuildPhase section */

/* Begin PBXSourcesBuildPhase section */
		A417FADD1D86F7B900DA64E2 /* Sources */ = {
			isa = PBXSourcesBuildPhase;
			buildActionMask = 2147483647;
			files = (
				A417FAE71D86F7BA00DA64E2 /* ViewController.swift in Sources */,
				A417FAFA1D86F96900DA64E2 /* Secrets.swift in Sources */,
				A417FAE51D86F7BA00DA64E2 /* AppDelegate.swift in Sources */,
				A417FAED1D86F7BA00DA64E2 /* Mellon_Mindfulness_Companion.xcdatamodeld in Sources */,
			);
			runOnlyForDeploymentPostprocessing = 0;
		};
/* End PBXSourcesBuildPhase section */

/* Begin PBXVariantGroup section */
		A417FAE81D86F7BA00DA64E2 /* Main.storyboard */ = {
			isa = PBXVariantGroup;
			children = (
				A417FAE91D86F7BA00DA64E2 /* Base */,
			);
			name = Main.storyboard;
			sourceTree = "<group>";
		};
		A417FAF01D86F7BA00DA64E2 /* LaunchScreen.storyboard */ = {
			isa = PBXVariantGroup;
			children = (
				A417FAF11D86F7BA00DA64E2 /* Base */,
			);
			name = LaunchScreen.storyboard;
			sourceTree = "<group>";
		};
/* End PBXVariantGroup section */

/* Begin XCBuildConfiguration section */
		A417FAF41D86F7BA00DA64E2 /* Debug */ = {
			isa = XCBuildConfiguration;
			buildSettings = {
				ALWAYS_SEARCH_USER_PATHS = NO;
				CLANG_ANALYZER_NONNULL = YES;
				CLANG_CXX_LANGUAGE_STANDARD = "gnu++0x";
				CLANG_CXX_LIBRARY = "libc++";
				CLANG_ENABLE_MODULES = YES;
				CLANG_ENABLE_OBJC_ARC = YES;
				CLANG_WARN_BOOL_CONVERSION = YES;
				CLANG_WARN_CONSTANT_CONVERSION = YES;
				CLANG_WARN_DIRECT_OBJC_ISA_USAGE = YES_ERROR;
				CLANG_WARN_DOCUMENTATION_COMMENTS = YES;
				CLANG_WARN_EMPTY_BODY = YES;
				CLANG_WARN_ENUM_CONVERSION = YES;
				CLANG_WARN_INFINITE_RECURSION = YES;
				CLANG_WARN_INT_CONVERSION = YES;
				CLANG_WARN_OBJC_ROOT_CLASS = YES_ERROR;
				CLANG_WARN_SUSPICIOUS_MOVES = YES;
				CLANG_WARN_UNREACHABLE_CODE = YES;
				CLANG_WARN__DUPLICATE_METHOD_MATCH = YES;
				"CODE_SIGN_IDENTITY[sdk=iphoneos*]" = "iPhone Developer";
				COPY_PHASE_STRIP = NO;
				DEBUG_INFORMATION_FORMAT = dwarf;
				ENABLE_STRICT_OBJC_MSGSEND = YES;
				ENABLE_TESTABILITY = YES;
				GCC_C_LANGUAGE_STANDARD = gnu99;
				GCC_DYNAMIC_NO_PIC = NO;
				GCC_NO_COMMON_BLOCKS = YES;
				GCC_OPTIMIZATION_LEVEL = 0;
				GCC_PREPROCESSOR_DEFINITIONS = (
					"DEBUG=1",
					"$(inherited)",
				);
				GCC_WARN_64_TO_32_BIT_CONVERSION = YES;
				GCC_WARN_ABOUT_RETURN_TYPE = YES_ERROR;
				GCC_WARN_UNDECLARED_SELECTOR = YES;
				GCC_WARN_UNINITIALIZED_AUTOS = YES_AGGRESSIVE;
				GCC_WARN_UNUSED_FUNCTION = YES;
				GCC_WARN_UNUSED_VARIABLE = YES;
				IPHONEOS_DEPLOYMENT_TARGET = 10.0;
				MTL_ENABLE_DEBUG_INFO = YES;
				ONLY_ACTIVE_ARCH = YES;
				SDKROOT = iphoneos;
				SWIFT_ACTIVE_COMPILATION_CONDITIONS = DEBUG;
				SWIFT_OPTIMIZATION_LEVEL = "-Onone";
			};
			name = Debug;
		};
		A417FAF51D86F7BA00DA64E2 /* Release */ = {
			isa = XCBuildConfiguration;
			buildSettings = {
				ALWAYS_SEARCH_USER_PATHS = NO;
				CLANG_ANALYZER_NONNULL = YES;
				CLANG_CXX_LANGUAGE_STANDARD = "gnu++0x";
				CLANG_CXX_LIBRARY = "libc++";
				CLANG_ENABLE_MODULES = YES;
				CLANG_ENABLE_OBJC_ARC = YES;
				CLANG_WARN_BOOL_CONVERSION = YES;
				CLANG_WARN_CONSTANT_CONVERSION = YES;
				CLANG_WARN_DIRECT_OBJC_ISA_USAGE = YES_ERROR;
				CLANG_WARN_DOCUMENTATION_COMMENTS = YES;
				CLANG_WARN_EMPTY_BODY = YES;
				CLANG_WARN_ENUM_CONVERSION = YES;
				CLANG_WARN_INFINITE_RECURSION = YES;
				CLANG_WARN_INT_CONVERSION = YES;
				CLANG_WARN_OBJC_ROOT_CLASS = YES_ERROR;
				CLANG_WARN_SUSPICIOUS_MOVES = YES;
				CLANG_WARN_UNREACHABLE_CODE = YES;
				CLANG_WARN__DUPLICATE_METHOD_MATCH = YES;
				"CODE_SIGN_IDENTITY[sdk=iphoneos*]" = "iPhone Developer";
				COPY_PHASE_STRIP = NO;
				DEBUG_INFORMATION_FORMAT = "dwarf-with-dsym";
				ENABLE_NS_ASSERTIONS = NO;
				ENABLE_STRICT_OBJC_MSGSEND = YES;
				GCC_C_LANGUAGE_STANDARD = gnu99;
				GCC_NO_COMMON_BLOCKS = YES;
				GCC_WARN_64_TO_32_BIT_CONVERSION = YES;
				GCC_WARN_ABOUT_RETURN_TYPE = YES_ERROR;
				GCC_WARN_UNDECLARED_SELECTOR = YES;
				GCC_WARN_UNINITIALIZED_AUTOS = YES_AGGRESSIVE;
				GCC_WARN_UNUSED_FUNCTION = YES;
				GCC_WARN_UNUSED_VARIABLE = YES;
				IPHONEOS_DEPLOYMENT_TARGET = 10.0;
				MTL_ENABLE_DEBUG_INFO = NO;
				SDKROOT = iphoneos;
				SWIFT_OPTIMIZATION_LEVEL = "-Owholemodule";
				VALIDATE_PRODUCT = YES;
			};
			name = Release;
		};
		A417FAF71D86F7BA00DA64E2 /* Debug */ = {
			isa = XCBuildConfiguration;
			buildSettings = {
				ASSETCATALOG_COMPILER_APPICON_NAME = AppIcon;
				DEVELOPMENT_TEAM = 4E8JHBC5T7;
				INFOPLIST_FILE = "Mellon-Mindfulness-Companion/Info.plist";
				LD_RUNPATH_SEARCH_PATHS = "$(inherited) @executable_path/Frameworks";
				PRODUCT_BUNDLE_IDENTIFIER = "bettyfung.Mellon-Mindfulness-Companion";
				PRODUCT_NAME = "$(TARGET_NAME)";
				SWIFT_VERSION = 3.0;
			};
			name = Debug;
		};
		A417FAF81D86F7BA00DA64E2 /* Release */ = {
			isa = XCBuildConfiguration;
			buildSettings = {
				ASSETCATALOG_COMPILER_APPICON_NAME = AppIcon;
				DEVELOPMENT_TEAM = 4E8JHBC5T7;
				INFOPLIST_FILE = "Mellon-Mindfulness-Companion/Info.plist";
				LD_RUNPATH_SEARCH_PATHS = "$(inherited) @executable_path/Frameworks";
				PRODUCT_BUNDLE_IDENTIFIER = "bettyfung.Mellon-Mindfulness-Companion";
				PRODUCT_NAME = "$(TARGET_NAME)";
				SWIFT_VERSION = 3.0;
			};
			name = Release;
		};
/* End XCBuildConfiguration section */

/* Begin XCConfigurationList section */
		A417FADC1D86F7B900DA64E2 /* Build configuration list for PBXProject "Mellon-Mindfulness-Companion" */ = {
			isa = XCConfigurationList;
			buildConfigurations = (
				A417FAF41D86F7BA00DA64E2 /* Debug */,
				A417FAF51D86F7BA00DA64E2 /* Release */,
			);
			defaultConfigurationIsVisible = 0;
			defaultConfigurationName = Release;
		};
		A417FAF61D86F7BA00DA64E2 /* Build configuration list for PBXNativeTarget "Mellon-Mindfulness-Companion" */ = {
			isa = XCConfigurationList;
			buildConfigurations = (
				A417FAF71D86F7BA00DA64E2 /* Debug */,
				A417FAF81D86F7BA00DA64E2 /* Release */,
			);
			defaultConfigurationIsVisible = 0;
			defaultConfigurationName = Release;
		};
/* End XCConfigurationList section */

/* Begin XCVersionGroup section */
		A417FAEB1D86F7BA00DA64E2 /* Mellon_Mindfulness_Companion.xcdatamodeld */ = {
			isa = XCVersionGroup;
			children = (
				A417FAEC1D86F7BA00DA64E2 /* Mellon_Mindfulness_Companion.xcdatamodel */,
			);
			currentVersion = A417FAEC1D86F7BA00DA64E2 /* Mellon_Mindfulness_Companion.xcdatamodel */;
			path = Mellon_Mindfulness_Companion.xcdatamodeld;
			sourceTree = "<group>";
			versionGroupType = wrapper.xcdatamodel;
		};
/* End XCVersionGroup section */
	};
	rootObject = A417FAD91D86F7B900DA64E2 /* Project object */;
}
